
Microsoft Visual Studio Solution File, Format Version 12.00
# Visual Studio 14
VisualStudioVersion = 14.0.25420.1
MinimumVisualStudioVersion = 10.0.40219.1
Project("{8BC9CEB8-8B4A-11D0-8D11-00A0C91BC942}") = "list", "list\list.vcxproj", "{AB1EBD15-F64F-42C2-B23D-465CE5499D2B}"
EndProject
Project("{8BC9CEB8-8B4A-11D0-8D11-00A0C91BC942}") = "yoseff", "yoseff\yoseff.vcxproj", "{F5FF8A40-73F7-4F1F-A4E6-ED38379E3F3A}"
EndProject
Project("{8BC9CEB8-8B4A-11D0-8D11-00A0C91BC942}") = "stackQueue", "stackQ\stackQ.vcxproj", "{CF082DD6-8D61-4244-8128-6EF1C8AAFD5B}"
EndProject
Project("{8BC9CEB8-8B4A-11D0-8D11-00A0C91BC942}") = "mutiFoluma", "mutiFoluma\mutiFoluma.vcxproj", "{08967CBF-56B9-4F8F-AA51-9B5FD43D862D}"
EndProject
Project("{8BC9CEB8-8B4A-11D0-8D11-00A0C91BC942}") = "test", "test\test.vcxproj", "{C71EC487-7523-4EBD-A8ED-CE2D59ECB503}"
EndProject
Project("{8BC9CEB8-8B4A-11D0-8D11-00A0C91BC942}") = "multifolumaLinked", "multifolumaLinked\multifolumaLinked.vcxproj", "{5A2FB003-D0DA-4DF8-BD08-25A9A36E28AA}"
EndProject
Project("{8BC9CEB8-8B4A-11D0-8D11-00A0C91BC942}") = "BigMultify", "BigMultify\BigMultify.vcxproj", "{5AAE19B3-ABDD-4CA8-BB17-BBC1E3153E41}"
EndProject
Project("{8BC9CEB8-8B4A-11D0-8D11-00A0C91BC942}") = "formerCalculate", "formerCalculate\formerCalculate.vcxproj", "{5057FFCB-6487-4FD7-A220-42EDE3BDA527}"
EndProject
Project("{8BC9CEB8-8B4A-11D0-8D11-00A0C91BC942}") = "hash", "hash\hash.vcxproj", "{6DA20C29-50B8-4E64-8D89-DFB762E37D7B}"
EndProject
Project("{8BC9CEB8-8B4A-11D0-8D11-00A0C91BC942}") = "BinaryTreeNode", "BinaryTreeNode\BinaryTreeNode.vcxproj", "{03FD0D43-1790-41A1-8799-23F14478C637}"
EndProject
Project("{8BC9CEB8-8B4A-11D0-8D11-00A0C91BC942}") = "BinarySearchTree", "BinarySearchTree\BinarySearchTree.vcxproj", "{713BB84A-6BF7-4590-A8A2-EB2A47E314E1}"
EndProject
Project("{8BC9CEB8-8B4A-11D0-8D11-00A0C91BC942}") = "AVL", "AVL\AVL.vcxproj", "{3BE03236-3860-42FA-9EF4-2F43DDA45787}"
EndProject
Project("{8BC9CEB8-8B4A-11D0-8D11-00A0C91BC942}") = "String", "String\String.vcxproj", "{2D27D212-B181-498D-A95F-93F73F2BFBAB}"
EndProject
Project("{8BC9CEB8-8B4A-11D0-8D11-00A0C91BC942}") = "reBuildBT", "reBuildBT\reBuildBT.vcxproj", "{2A3ED4A3-0696-4E67-B15A-A5BD7DBE425C}"
EndProject
Project("{8BC9CEB8-8B4A-11D0-8D11-00A0C91BC942}") = "PrioryQueue", "PrioryQueue\PrioryQueue.vcxproj", "{5A902F11-0EE6-4E68-B10E-3D4FCB86C446}"
EndProject
Project("{8BC9CEB8-8B4A-11D0-8D11-00A0C91BC942}") = "graph", "graph\graph.vcxproj", "{9130CF2F-5882-4CB5-A414-CA69C761543E}"
EndProject
Project("{8BC9CEB8-8B4A-11D0-8D11-00A0C91BC942}") = "sort", "selectSort\selectSort.vcxproj", "{EDA46982-67EE-4C01-A8EB-CFD7ABF8D604}"
EndProject
Project("{8BC9CEB8-8B4A-11D0-8D11-00A0C91BC942}") = "OutterSort", "OutterSort\OutterSort.vcxproj", "{775E924E-62A8-46DD-903B-195BC65C879A}"
EndProject
Global
	GlobalSection(SolutionConfigurationPlatforms) = preSolution
		Debug|x64 = Debug|x64
		Debug|x86 = Debug|x86
		Release|x64 = Release|x64
		Release|x86 = Release|x86
	EndGlobalSection
	GlobalSection(ProjectConfigurationPlatforms) = postSolution
		{AB1EBD15-F64F-42C2-B23D-465CE5499D2B}.Debug|x64.ActiveCfg = Debug|x64
		{AB1EBD15-F64F-42C2-B23D-465CE5499D2B}.Debug|x64.Build.0 = Debug|x64
		{AB1EBD15-F64F-42C2-B23D-465CE5499D2B}.Debug|x86.ActiveCfg = Debug|Win32
		{AB1EBD15-F64F-42C2-B23D-465CE5499D2B}.Debug|x86.Build.0 = Debug|Win32
		{AB1EBD15-F64F-42C2-B23D-465CE5499D2B}.Release|x64.ActiveCfg = Release|x64
		{AB1EBD15-F64F-42C2-B23D-465CE5499D2B}.Release|x64.Build.0 = Release|x64
		{AB1EBD15-F64F-42C2-B23D-465CE5499D2B}.Release|x86.ActiveCfg = Release|Win32
		{AB1EBD15-F64F-42C2-B23D-465CE5499D2B}.Release|x86.Build.0 = Release|Win32
		{F5FF8A40-73F7-4F1F-A4E6-ED38379E3F3A}.Debug|x64.ActiveCfg = Debug|x64
		{F5FF8A40-73F7-4F1F-A4E6-ED38379E3F3A}.Debug|x64.Build.0 = Debug|x64
		{F5FF8A40-73F7-4F1F-A4E6-ED38379E3F3A}.Debug|x86.ActiveCfg = Debug|Win32
		{F5FF8A40-73F7-4F1F-A4E6-ED38379E3F3A}.Debug|x86.Build.0 = Debug|Win32
		{F5FF8A40-73F7-4F1F-A4E6-ED38379E3F3A}.Release|x64.ActiveCfg = Release|x64
		{F5FF8A40-73F7-4F1F-A4E6-ED38379E3F3A}.Release|x64.Build.0 = Release|x64
		{F5FF8A40-73F7-4F1F-A4E6-ED38379E3F3A}.Release|x86.ActiveCfg = Release|Win32
		{F5FF8A40-73F7-4F1F-A4E6-ED38379E3F3A}.Release|x86.Build.0 = Release|Win32
		{CF082DD6-8D61-4244-8128-6EF1C8AAFD5B}.Debug|x64.ActiveCfg = Debug|x64
		{CF082DD6-8D61-4244-8128-6EF1C8AAFD5B}.Debug|x64.Build.0 = Debug|x64
		{CF082DD6-8D61-4244-8128-6EF1C8AAFD5B}.Debug|x86.ActiveCfg = Debug|Win32
		{CF082DD6-8D61-4244-8128-6EF1C8AAFD5B}.Debug|x86.Build.0 = Debug|Win32
		{CF082DD6-8D61-4244-8128-6EF1C8AAFD5B}.Release|x64.ActiveCfg = Release|x64
		{CF082DD6-8D61-4244-8128-6EF1C8AAFD5B}.Release|x64.Build.0 = Release|x64
		{CF082DD6-8D61-4244-8128-6EF1C8AAFD5B}.Release|x86.ActiveCfg = Release|Win32
		{CF082DD6-8D61-4244-8128-6EF1C8AAFD5B}.Release|x86.Build.0 = Release|Win32
		{08967CBF-56B9-4F8F-AA51-9B5FD43D862D}.Debug|x64.ActiveCfg = Debug|x64
		{08967CBF-56B9-4F8F-AA51-9B5FD43D862D}.Debug|x64.Build.0 = Debug|x64
		{08967CBF-56B9-4F8F-AA51-9B5FD43D862D}.Debug|x86.ActiveCfg = Debug|Win32
		{08967CBF-56B9-4F8F-AA51-9B5FD43D862D}.Debug|x86.Build.0 = Debug|Win32
		{08967CBF-56B9-4F8F-AA51-9B5FD43D862D}.Release|x64.ActiveCfg = Release|x64
		{08967CBF-56B9-4F8F-AA51-9B5FD43D862D}.Release|x64.Build.0 = Release|x64
		{08967CBF-56B9-4F8F-AA51-9B5FD43D862D}.Release|x86.ActiveCfg = Release|Win32
		{08967CBF-56B9-4F8F-AA51-9B5FD43D862D}.Release|x86.Build.0 = Release|Win32
		{C71EC487-7523-4EBD-A8ED-CE2D59ECB503}.Debug|x64.ActiveCfg = Debug|x64
		{C71EC487-7523-4EBD-A8ED-CE2D59ECB503}.Debug|x64.Build.0 = Debug|x64
		{C71EC487-7523-4EBD-A8ED-CE2D59ECB503}.Debug|x86.ActiveCfg = Debug|Win32
		{C71EC487-7523-4EBD-A8ED-CE2D59ECB503}.Debug|x86.Build.0 = Debug|Win32
		{C71EC487-7523-4EBD-A8ED-CE2D59ECB503}.Release|x64.ActiveCfg = Release|x64
		{C71EC487-7523-4EBD-A8ED-CE2D59ECB503}.Release|x64.Build.0 = Release|x64
		{C71EC487-7523-4EBD-A8ED-CE2D59ECB503}.Release|x86.ActiveCfg = Release|Win32
		{C71EC487-7523-4EBD-A8ED-CE2D59ECB503}.Release|x86.Build.0 = Release|Win32
		{5A2FB003-D0DA-4DF8-BD08-25A9A36E28AA}.Debug|x64.ActiveCfg = Debug|x64
		{5A2FB003-D0DA-4DF8-BD08-25A9A36E28AA}.Debug|x64.Build.0 = Debug|x64
		{5A2FB003-D0DA-4DF8-BD08-25A9A36E28AA}.Debug|x86.ActiveCfg = Debug|Win32
		{5A2FB003-D0DA-4DF8-BD08-25A9A36E28AA}.Debug|x86.Build.0 = Debug|Win32
		{5A2FB003-D0DA-4DF8-BD08-25A9A36E28AA}.Release|x64.ActiveCfg = Release|x64
		{5A2FB003-D0DA-4DF8-BD08-25A9A36E28AA}.Release|x64.Build.0 = Release|x64
		{5A2FB003-D0DA-4DF8-BD08-25A9A36E28AA}.Release|x86.ActiveCfg = Release|Win32
		{5A2FB003-D0DA-4DF8-BD08-25A9A36E28AA}.Release|x86.Build.0 = Release|Win32
		{5AAE19B3-ABDD-4CA8-BB17-BBC1E3153E41}.Debug|x64.ActiveCfg = Debug|x64
		{5AAE19B3-ABDD-4CA8-BB17-BBC1E3153E41}.Debug|x64.Build.0 = Debug|x64
		{5AAE19B3-ABDD-4CA8-BB17-BBC1E3153E41}.Debug|x86.ActiveCfg = Debug|Win32
		{5AAE19B3-ABDD-4CA8-BB17-BBC1E3153E41}.Debug|x86.Build.0 = Debug|Win32
		{5AAE19B3-ABDD-4CA8-BB17-BBC1E3153E41}.Release|x64.ActiveCfg = Release|x64
		{5AAE19B3-ABDD-4CA8-BB17-BBC1E3153E41}.Release|x64.Build.0 = Release|x64
		{5AAE19B3-ABDD-4CA8-BB17-BBC1E3153E41}.Release|x86.ActiveCfg = Release|Win32
		{5AAE19B3-ABDD-4CA8-BB17-BBC1E3153E41}.Release|x86.Build.0 = Release|Win32
		{5057FFCB-6487-4FD7-A220-42EDE3BDA527}.Debug|x64.ActiveCfg = Debug|x64
		{5057FFCB-6487-4FD7-A220-42EDE3BDA527}.Debug|x64.Build.0 = Debug|x64
		{5057FFCB-6487-4FD7-A220-42EDE3BDA527}.Debug|x86.ActiveCfg = Debug|Win32
		{5057FFCB-6487-4FD7-A220-42EDE3BDA527}.Debug|x86.Build.0 = Debug|Win32
		{5057FFCB-6487-4FD7-A220-42EDE3BDA527}.Release|x64.ActiveCfg = Release|x64
		{5057FFCB-6487-4FD7-A220-42EDE3BDA527}.Release|x64.Build.0 = Release|x64
		{5057FFCB-6487-4FD7-A220-42EDE3BDA527}.Release|x86.ActiveCfg = Release|Win32
		{5057FFCB-6487-4FD7-A220-42EDE3BDA527}.Release|x86.Build.0 = Release|Win32
		{6DA20C29-50B8-4E64-8D89-DFB762E37D7B}.Debug|x64.ActiveCfg = Debug|x64
		{6DA20C29-50B8-4E64-8D89-DFB762E37D7B}.Debug|x64.Build.0 = Debug|x64
		{6DA20C29-50B8-4E64-8D89-DFB762E37D7B}.Debug|x86.ActiveCfg = Debug|Win32
		{6DA20C29-50B8-4E64-8D89-DFB762E37D7B}.Debug|x86.Build.0 = Debug|Win32
		{6DA20C29-50B8-4E64-8D89-DFB762E37D7B}.Release|x64.ActiveCfg = Release|x64
		{6DA20C29-50B8-4E64-8D89-DFB762E37D7B}.Release|x64.Build.0 = Release|x64
		{6DA20C29-50B8-4E64-8D89-DFB762E37D7B}.Release|x86.ActiveCfg = Release|Win32
		{6DA20C29-50B8-4E64-8D89-DFB762E37D7B}.Release|x86.Build.0 = Release|Win32
		{03FD0D43-1790-41A1-8799-23F14478C637}.Debug|x64.ActiveCfg = Debug|x64
		{03FD0D43-1790-41A1-8799-23F14478C637}.Debug|x64.Build.0 = Debug|x64
		{03FD0D43-1790-41A1-8799-23F14478C637}.Debug|x86.ActiveCfg = Debug|Win32
		{03FD0D43-1790-41A1-8799-23F14478C637}.Debug|x86.Build.0 = Debug|Win32
		{03FD0D43-1790-41A1-8799-23F14478C637}.Release|x64.ActiveCfg = Release|x64
		{03FD0D43-1790-41A1-8799-23F14478C637}.Release|x64.Build.0 = Release|x64
		{03FD0D43-1790-41A1-8799-23F14478C637}.Release|x86.ActiveCfg = Release|Win32
		{03FD0D43-1790-41A1-8799-23F14478C637}.Release|x86.Build.0 = Release|Win32
		{713BB84A-6BF7-4590-A8A2-EB2A47E314E1}.Debug|x64.ActiveCfg = Debug|x64
		{713BB84A-6BF7-4590-A8A2-EB2A47E314E1}.Debug|x64.Build.0 = Debug|x64
		{713BB84A-6BF7-4590-A8A2-EB2A47E314E1}.Debug|x86.ActiveCfg = Debug|Win32
		{713BB84A-6BF7-4590-A8A2-EB2A47E314E1}.Debug|x86.Build.0 = Debug|Win32
		{713BB84A-6BF7-4590-A8A2-EB2A47E314E1}.Release|x64.ActiveCfg = Release|x64
		{713BB84A-6BF7-4590-A8A2-EB2A47E314E1}.Release|x64.Build.0 = Release|x64
		{713BB84A-6BF7-4590-A8A2-EB2A47E314E1}.Release|x86.ActiveCfg = Release|Win32
		{713BB84A-6BF7-4590-A8A2-EB2A47E314E1}.Release|x86.Build.0 = Release|Win32
		{3BE03236-3860-42FA-9EF4-2F43DDA45787}.Debug|x64.ActiveCfg = Debug|x64
		{3BE03236-3860-42FA-9EF4-2F43DDA45787}.Debug|x64.Build.0 = Debug|x64
		{3BE03236-3860-42FA-9EF4-2F43DDA45787}.Debug|x86.ActiveCfg = Debug|Win32
		{3BE03236-3860-42FA-9EF4-2F43DDA45787}.Debug|x86.Build.0 = Debug|Win32
		{3BE03236-3860-42FA-9EF4-2F43DDA45787}.Release|x64.ActiveCfg = Release|x64
		{3BE03236-3860-42FA-9EF4-2F43DDA45787}.Release|x64.Build.0 = Release|x64
		{3BE03236-3860-42FA-9EF4-2F43DDA45787}.Release|x86.ActiveCfg = Release|Win32
		{3BE03236-3860-42FA-9EF4-2F43DDA45787}.Release|x86.Build.0 = Release|Win32
		{2D27D212-B181-498D-A95F-93F73F2BFBAB}.Debug|x64.ActiveCfg = Debug|x64
		{2D27D212-B181-498D-A95F-93F73F2BFBAB}.Debug|x64.Build.0 = Debug|x64
		{2D27D212-B181-498D-A95F-93F73F2BFBAB}.Debug|x86.ActiveCfg = Debug|Win32
		{2D27D212-B181-498D-A95F-93F73F2BFBAB}.Debug|x86.Build.0 = Debug|Win32
		{2D27D212-B181-498D-A95F-93F73F2BFBAB}.Release|x64.ActiveCfg = Release|x64
		{2D27D212-B181-498D-A95F-93F73F2BFBAB}.Release|x64.Build.0 = Release|x64
		{2D27D212-B181-498D-A95F-93F73F2BFBAB}.Release|x86.ActiveCfg = Release|Win32
		{2D27D212-B181-498D-A95F-93F73F2BFBAB}.Release|x86.Build.0 = Release|Win32
		{2A3ED4A3-0696-4E67-B15A-A5BD7DBE425C}.Debug|x64.ActiveCfg = Debug|x64
		{2A3ED4A3-0696-4E67-B15A-A5BD7DBE425C}.Debug|x64.Build.0 = Debug|x64
		{2A3ED4A3-0696-4E67-B15A-A5BD7DBE425C}.Debug|x86.ActiveCfg = Debug|Win32
		{2A3ED4A3-0696-4E67-B15A-A5BD7DBE425C}.Debug|x86.Build.0 = Debug|Win32
		{2A3ED4A3-0696-4E67-B15A-A5BD7DBE425C}.Release|x64.ActiveCfg = Release|x64
		{2A3ED4A3-0696-4E67-B15A-A5BD7DBE425C}.Release|x64.Build.0 = Release|x64
		{2A3ED4A3-0696-4E67-B15A-A5BD7DBE425C}.Release|x86.ActiveCfg = Release|Win32
		{2A3ED4A3-0696-4E67-B15A-A5BD7DBE425C}.Release|x86.Build.0 = Release|Win32
		{5A902F11-0EE6-4E68-B10E-3D4FCB86C446}.Debug|x64.ActiveCfg = Debug|x64
		{5A902F11-0EE6-4E68-B10E-3D4FCB86C446}.Debug|x64.Build.0 = Debug|x64
		{5A902F11-0EE6-4E68-B10E-3D4FCB86C446}.Debug|x86.ActiveCfg = Debug|Win32
		{5A902F11-0EE6-4E68-B10E-3D4FCB86C446}.Debug|x86.Build.0 = Debug|Win32
		{5A902F11-0EE6-4E68-B10E-3D4FCB86C446}.Release|x64.ActiveCfg = Release|x64
		{5A902F11-0EE6-4E68-B10E-3D4FCB86C446}.Release|x64.Build.0 = Release|x64
		{5A902F11-0EE6-4E68-B10E-3D4FCB86C446}.Release|x86.ActiveCfg = Release|Win32
		{5A902F11-0EE6-4E68-B10E-3D4FCB86C446}.Release|x86.Build.0 = Release|Win32
		{9130CF2F-5882-4CB5-A414-CA69C761543E}.Debug|x64.ActiveCfg = Debug|x64
		{9130CF2F-5882-4CB5-A414-CA69C761543E}.Debug|x64.Build.0 = Debug|x64
		{9130CF2F-5882-4CB5-A414-CA69C761543E}.Debug|x86.ActiveCfg = Debug|Win32
		{9130CF2F-5882-4CB5-A414-CA69C761543E}.Debug|x86.Build.0 = Debug|Win32
		{9130CF2F-5882-4CB5-A414-CA69C761543E}.Release|x64.ActiveCfg = Release|x64
		{9130CF2F-5882-4CB5-A414-CA69C761543E}.Release|x64.Build.0 = Release|x64
		{9130CF2F-5882-4CB5-A414-CA69C761543E}.Release|x86.ActiveCfg = Release|Win32
		{9130CF2F-5882-4CB5-A414-CA69C761543E}.Release|x86.Build.0 = Release|Win32
		{EDA46982-67EE-4C01-A8EB-CFD7ABF8D604}.Debug|x64.ActiveCfg = Debug|x64
		{EDA46982-67EE-4C01-A8EB-CFD7ABF8D604}.Debug|x64.Build.0 = Debug|x64
		{EDA46982-67EE-4C01-A8EB-CFD7ABF8D604}.Debug|x86.ActiveCfg = Debug|Win32
		{EDA46982-67EE-4C01-A8EB-CFD7ABF8D604}.Debug|x86.Build.0 = Debug|Win32
		{EDA46982-67EE-4C01-A8EB-CFD7ABF8D604}.Release|x64.ActiveCfg = Release|x64
		{EDA46982-67EE-4C01-A8EB-CFD7ABF8D604}.Release|x64.Build.0 = Release|x64
		{EDA46982-67EE-4C01-A8EB-CFD7ABF8D604}.Release|x86.ActiveCfg = Release|Win32
		{EDA46982-67EE-4C01-A8EB-CFD7ABF8D604}.Release|x86.Build.0 = Release|Win32
		{775E924E-62A8-46DD-903B-195BC65C879A}.Debug|x64.ActiveCfg = Debug|x64
		{775E924E-62A8-46DD-903B-195BC65C879A}.Debug|x64.Build.0 = Debug|x64
		{775E924E-62A8-46DD-903B-195BC65C879A}.Debug|x86.ActiveCfg = Debug|Win32
		{775E924E-62A8-46DD-903B-195BC65C879A}.Debug|x86.Build.0 = Debug|Win32
		{775E924E-62A8-46DD-903B-195BC65C879A}.Release|x64.ActiveCfg = Release|x64
		{775E924E-62A8-46DD-903B-195BC65C879A}.Release|x64.Build.0 = Release|x64
		{775E924E-62A8-46DD-903B-195BC65C879A}.Release|x86.ActiveCfg = Release|Win32
		{775E924E-62A8-46DD-903B-195BC65C879A}.Release|x86.Build.0 = Release|Win32
	EndGlobalSection
	GlobalSection(SolutionProperties) = preSolution
		HideSolutionNode = FALSE
	EndGlobalSection
EndGlobal
